
Microsoft Visual Studio Solution File, Format Version 12.00
# Visual Studio Version 16
VisualStudioVersion = 16.0.33801.447
MinimumVisualStudioVersion = 10.0.40219.1
Project("{FAE04EC0-301F-11D3-BF4B-00C04F79EFBC}") = "Integrando Apis con ADO.NET", "Integrando Apis con ADO.NET\Integrando Apis con ADO.NET.csproj", "{C6878C30-FD9B-438E-A248-6AF9C9FDC95E}"
EndProject
Global
	GlobalSection(SolutionConfigurationPlatforms) = preSolution
		Debug|Any CPU = Debug|Any CPU
		Release|Any CPU = Release|Any CPU
	EndGlobalSection
	GlobalSection(ProjectConfigurationPlatforms) = postSolution
		{C6878C30-FD9B-438E-A248-6AF9C9FDC95E}.Debug|Any CPU.ActiveCfg = Debug|Any CPU
		{C6878C30-FD9B-438E-A248-6AF9C9FDC95E}.Debug|Any CPU.Build.0 = Debug|Any CPU
		{C6878C30-FD9B-438E-A248-6AF9C9FDC95E}.Release|Any CPU.ActiveCfg = Release|Any CPU
		{C6878C30-FD9B-438E-A248-6AF9C9FDC95E}.Release|Any CPU.Build.0 = Release|Any CPU
	EndGlobalSection
	GlobalSection(SolutionProperties) = preSolution
		HideSolutionNode = FALSE
	EndGlobalSection
	GlobalSection(ExtensibilityGlobals) = postSolution
		SolutionGuid = {CF21A3C1-E307-41E7-B7AB-56DE348C496D}
	EndGlobalSection
EndGlobal
